
Microsoft Visual Studio Solution File, Format Version 12.00
# Visual Studio Version 17
VisualStudioVersion = 17.7.34024.191
MinimumVisualStudioVersion = 10.0.40219.1
Project("{9A19103F-16F7-4668-BE54-9A1E7A4F7556}") = "MVC", "MVC\MVC.csproj", "{F1338C36-E7BB-488C-83AA-1C84FFD933C6}"
EndProject
Global
	GlobalSection(SolutionConfigurationPlatforms) = preSolution
		Debug|Any CPU = Debug|Any CPU
		Release|Any CPU = Release|Any CPU
	EndGlobalSection
	GlobalSection(ProjectConfigurationPlatforms) = postSolution
		{F1338C36-E7BB-488C-83AA-1C84FFD933C6}.Debug|Any CPU.ActiveCfg = Debug|Any CPU
		{F1338C36-E7BB-488C-83AA-1C84FFD933C6}.Debug|Any CPU.Build.0 = Debug|Any CPU
		{F1338C36-E7BB-488C-83AA-1C84FFD933C6}.Release|Any CPU.ActiveCfg = Release|Any CPU
		{F1338C36-E7BB-488C-83AA-1C84FFD933C6}.Release|Any CPU.Build.0 = Release|Any CPU
	EndGlobalSection
	GlobalSection(SolutionProperties) = preSolution
		HideSolutionNode = FALSE
	EndGlobalSection
	GlobalSection(ExtensibilityGlobals) = postSolution
		SolutionGuid = {2C31D40F-B48F-44CF-AF4C-9286FE9545C2}
	EndGlobalSection
EndGlobal
